
Microsoft Visual Studio Solution File, Format Version 12.00
# Visual Studio Version 16
VisualStudioVersion = 16.0.29102.190
MinimumVisualStudioVersion = 10.0.40219.1
Project("{FAE04EC0-301F-11D3-BF4B-00C04F79EFBC}") = "UIWPF", "UIWPF\UIWPF.csproj", "{A3FFAD8F-743A-4BB0-A8DD-41B426711CA8}"
EndProject
Project("{FAE04EC0-301F-11D3-BF4B-00C04F79EFBC}") = "Generate", "Generate\Generate.csproj", "{3674FF68-AFEC-405C-8E09-52E3F7E51B0E}"
EndProject
Project("{FAE04EC0-301F-11D3-BF4B-00C04F79EFBC}") = "GenerateTest", "GenerateTest\GenerateTest.csproj", "{4C14C388-80F1-4DFE-8927-D73835CD9843}"
EndProject
Project("{FAE04EC0-301F-11D3-BF4B-00C04F79EFBC}") = "Diploma2", "Diploma2\Diploma2.csproj", "{40864CC7-091F-4C39-AC28-571D393C41F8}"
EndProject
Project("{FAE04EC0-301F-11D3-BF4B-00C04F79EFBC}") = "Selen.Wpf.Core", "..\..\Downloads\selen\source\Selen.Wpf.Core\Selen.Wpf.Core.csproj", "{C94C1BDD-11F9-4A3F-8929-86B1B67AE1D5}"
EndProject
Project("{FAE04EC0-301F-11D3-BF4B-00C04F79EFBC}") = "Selen.Wpf.DemoApplication", "..\..\Downloads\selen\source\Selen.Wpf.DemoApplication\Selen.Wpf.DemoApplication.csproj", "{12A9479B-4807-47E2-B685-C5CEE50E5B53}"
EndProject
Project("{FAE04EC0-301F-11D3-BF4B-00C04F79EFBC}") = "Selen.Wpf.GenericAppTree", "..\..\Downloads\selen\source\Selen.Wpf.GenericAppTree\Selen.Wpf.GenericAppTree.csproj", "{8615A3C0-298C-4B9D-8FFC-D5ACA466523D}"
EndProject
Project("{FAE04EC0-301F-11D3-BF4B-00C04F79EFBC}") = "Selen.Wpf.SystemStyles", "..\..\Downloads\selen\source\Selen.Wpf.SystemStyles\Selen.Wpf.SystemStyles.csproj", "{A468315F-FA11-4BC2-8E5F-EA3C48B24C74}"
EndProject
Project("{FAE04EC0-301F-11D3-BF4B-00C04F79EFBC}") = "Selen.Wpf.GenericAppTree.Contracts", "..\..\Downloads\selen\source\Selen.Wpf.GenericAppTree.Contracts\Selen.Wpf.GenericAppTree.Contracts.csproj", "{FC32AB02-5705-48E0-BCFD-78EB6C137AEB}"
EndProject
Project("{FAE04EC0-301F-11D3-BF4B-00C04F79EFBC}") = "Speak", "Speak\Speak.csproj", "{86018D0D-B5FF-42AE-87DC-CB22B0F0CE97}"
EndProject
Global
	GlobalSection(SolutionConfigurationPlatforms) = preSolution
		Debug|Any CPU = Debug|Any CPU
		Release|Any CPU = Release|Any CPU
	EndGlobalSection
	GlobalSection(ProjectConfigurationPlatforms) = postSolution
		{A3FFAD8F-743A-4BB0-A8DD-41B426711CA8}.Debug|Any CPU.ActiveCfg = Debug|Any CPU
		{A3FFAD8F-743A-4BB0-A8DD-41B426711CA8}.Debug|Any CPU.Build.0 = Debug|Any CPU
		{A3FFAD8F-743A-4BB0-A8DD-41B426711CA8}.Release|Any CPU.ActiveCfg = Release|Any CPU
		{A3FFAD8F-743A-4BB0-A8DD-41B426711CA8}.Release|Any CPU.Build.0 = Release|Any CPU
		{3674FF68-AFEC-405C-8E09-52E3F7E51B0E}.Debug|Any CPU.ActiveCfg = Debug|Any CPU
		{3674FF68-AFEC-405C-8E09-52E3F7E51B0E}.Debug|Any CPU.Build.0 = Debug|Any CPU
		{3674FF68-AFEC-405C-8E09-52E3F7E51B0E}.Release|Any CPU.ActiveCfg = Release|Any CPU
		{3674FF68-AFEC-405C-8E09-52E3F7E51B0E}.Release|Any CPU.Build.0 = Release|Any CPU
		{4C14C388-80F1-4DFE-8927-D73835CD9843}.Debug|Any CPU.ActiveCfg = Debug|Any CPU
		{4C14C388-80F1-4DFE-8927-D73835CD9843}.Debug|Any CPU.Build.0 = Debug|Any CPU
		{4C14C388-80F1-4DFE-8927-D73835CD9843}.Release|Any CPU.ActiveCfg = Release|Any CPU
		{4C14C388-80F1-4DFE-8927-D73835CD9843}.Release|Any CPU.Build.0 = Release|Any CPU
		{40864CC7-091F-4C39-AC28-571D393C41F8}.Debug|Any CPU.ActiveCfg = Debug|Any CPU
		{40864CC7-091F-4C39-AC28-571D393C41F8}.Debug|Any CPU.Build.0 = Debug|Any CPU
		{40864CC7-091F-4C39-AC28-571D393C41F8}.Release|Any CPU.ActiveCfg = Release|Any CPU
		{40864CC7-091F-4C39-AC28-571D393C41F8}.Release|Any CPU.Build.0 = Release|Any CPU
		{C94C1BDD-11F9-4A3F-8929-86B1B67AE1D5}.Debug|Any CPU.ActiveCfg = Debug|Any CPU
		{C94C1BDD-11F9-4A3F-8929-86B1B67AE1D5}.Debug|Any CPU.Build.0 = Debug|Any CPU
		{C94C1BDD-11F9-4A3F-8929-86B1B67AE1D5}.Release|Any CPU.ActiveCfg = Release|Any CPU
		{C94C1BDD-11F9-4A3F-8929-86B1B67AE1D5}.Release|Any CPU.Build.0 = Release|Any CPU
		{12A9479B-4807-47E2-B685-C5CEE50E5B53}.Debug|Any CPU.ActiveCfg = Debug|Any CPU
		{12A9479B-4807-47E2-B685-C5CEE50E5B53}.Debug|Any CPU.Build.0 = Debug|Any CPU
		{12A9479B-4807-47E2-B685-C5CEE50E5B53}.Release|Any CPU.ActiveCfg = Release|Any CPU
		{12A9479B-4807-47E2-B685-C5CEE50E5B53}.Release|Any CPU.Build.0 = Release|Any CPU
		{8615A3C0-298C-4B9D-8FFC-D5ACA466523D}.Debug|Any CPU.ActiveCfg = Debug|Any CPU
		{8615A3C0-298C-4B9D-8FFC-D5ACA466523D}.Debug|Any CPU.Build.0 = Debug|Any CPU
		{8615A3C0-298C-4B9D-8FFC-D5ACA466523D}.Release|Any CPU.ActiveCfg = Release|Any CPU
		{8615A3C0-298C-4B9D-8FFC-D5ACA466523D}.Release|Any CPU.Build.0 = Release|Any CPU
		{A468315F-FA11-4BC2-8E5F-EA3C48B24C74}.Debug|Any CPU.ActiveCfg = Debug|Any CPU
		{A468315F-FA11-4BC2-8E5F-EA3C48B24C74}.Debug|Any CPU.Build.0 = Debug|Any CPU
		{A468315F-FA11-4BC2-8E5F-EA3C48B24C74}.Release|Any CPU.ActiveCfg = Release|Any CPU
		{A468315F-FA11-4BC2-8E5F-EA3C48B24C74}.Release|Any CPU.Build.0 = Release|Any CPU
		{FC32AB02-5705-48E0-BCFD-78EB6C137AEB}.Debug|Any CPU.ActiveCfg = Debug|Any CPU
		{FC32AB02-5705-48E0-BCFD-78EB6C137AEB}.Debug|Any CPU.Build.0 = Debug|Any CPU
		{FC32AB02-5705-48E0-BCFD-78EB6C137AEB}.Release|Any CPU.ActiveCfg = Release|Any CPU
		{FC32AB02-5705-48E0-BCFD-78EB6C137AEB}.Release|Any CPU.Build.0 = Release|Any CPU
		{86018D0D-B5FF-42AE-87DC-CB22B0F0CE97}.Debug|Any CPU.ActiveCfg = Debug|Any CPU
		{86018D0D-B5FF-42AE-87DC-CB22B0F0CE97}.Debug|Any CPU.Build.0 = Debug|Any CPU
		{86018D0D-B5FF-42AE-87DC-CB22B0F0CE97}.Release|Any CPU.ActiveCfg = Release|Any CPU
		{86018D0D-B5FF-42AE-87DC-CB22B0F0CE97}.Release|Any CPU.Build.0 = Release|Any CPU
	EndGlobalSection
	GlobalSection(SolutionProperties) = preSolution
		HideSolutionNode = FALSE
	EndGlobalSection
	GlobalSection(ExtensibilityGlobals) = postSolution
		SolutionGuid = {D42A3C5C-0BA7-48F6-BEC7-914FA7A414AB}
	EndGlobalSection
EndGlobal
