
Microsoft Visual Studio Solution File, Format Version 12.00
# Visual Studio Version 16
VisualStudioVersion = 16.0.29102.190
MinimumVisualStudioVersion = 10.0.40219.1
Project("{FAE04EC0-301F-11D3-BF4B-00C04F79EFBC}") = "UIWPF", "UIWPF\UIWPF.csproj", "{A3FFAD8F-743A-4BB0-A8DD-41B426711CA8}"
EndProject
Project("{FAE04EC0-301F-11D3-BF4B-00C04F79EFBC}") = "Generate", "Generate\Generate.csproj", "{3674FF68-AFEC-405C-8E09-52E3F7E51B0E}"
EndProject
Project("{FAE04EC0-301F-11D3-BF4B-00C04F79EFBC}") = "GenerateTest", "GenerateTest\GenerateTest.csproj", "{4C14C388-80F1-4DFE-8927-D73835CD9843}"
EndProject
Project("{FAE04EC0-301F-11D3-BF4B-00C04F79EFBC}") = "Diploma2", "Diploma2\Diploma2.csproj", "{40864CC7-091F-4C39-AC28-571D393C41F8}"
EndProject
Global
	GlobalSection(SolutionConfigurationPlatforms) = preSolution
		Debug|Any CPU = Debug|Any CPU
		Release|Any CPU = Release|Any CPU
	EndGlobalSection
	GlobalSection(ProjectConfigurationPlatforms) = postSolution
		{A3FFAD8F-743A-4BB0-A8DD-41B426711CA8}.Debug|Any CPU.ActiveCfg = Debug|Any CPU
		{A3FFAD8F-743A-4BB0-A8DD-41B426711CA8}.Debug|Any CPU.Build.0 = Debug|Any CPU
		{A3FFAD8F-743A-4BB0-A8DD-41B426711CA8}.Release|Any CPU.ActiveCfg = Release|Any CPU
		{A3FFAD8F-743A-4BB0-A8DD-41B426711CA8}.Release|Any CPU.Build.0 = Release|Any CPU
		{3674FF68-AFEC-405C-8E09-52E3F7E51B0E}.Debug|Any CPU.ActiveCfg = Debug|Any CPU
		{3674FF68-AFEC-405C-8E09-52E3F7E51B0E}.Debug|Any CPU.Build.0 = Debug|Any CPU
		{3674FF68-AFEC-405C-8E09-52E3F7E51B0E}.Release|Any CPU.ActiveCfg = Release|Any CPU
		{3674FF68-AFEC-405C-8E09-52E3F7E51B0E}.Release|Any CPU.Build.0 = Release|Any CPU
		{4C14C388-80F1-4DFE-8927-D73835CD9843}.Debug|Any CPU.ActiveCfg = Debug|Any CPU
		{4C14C388-80F1-4DFE-8927-D73835CD9843}.Debug|Any CPU.Build.0 = Debug|Any CPU
		{4C14C388-80F1-4DFE-8927-D73835CD9843}.Release|Any CPU.ActiveCfg = Release|Any CPU
		{4C14C388-80F1-4DFE-8927-D73835CD9843}.Release|Any CPU.Build.0 = Release|Any CPU
		{40864CC7-091F-4C39-AC28-571D393C41F8}.Debug|Any CPU.ActiveCfg = Debug|Any CPU
		{40864CC7-091F-4C39-AC28-571D393C41F8}.Debug|Any CPU.Build.0 = Debug|Any CPU
		{40864CC7-091F-4C39-AC28-571D393C41F8}.Release|Any CPU.ActiveCfg = Release|Any CPU
		{40864CC7-091F-4C39-AC28-571D393C41F8}.Release|Any CPU.Build.0 = Release|Any CPU
	EndGlobalSection
	GlobalSection(SolutionProperties) = preSolution
		HideSolutionNode = FALSE
	EndGlobalSection
	GlobalSection(ExtensibilityGlobals) = postSolution
		SolutionGuid = {D42A3C5C-0BA7-48F6-BEC7-914FA7A414AB}
	EndGlobalSection
EndGlobal
